
Microsoft Visual Studio Solution File, Format Version 12.00
# Visual Studio Version 16
VisualStudioVersion = 16.0.31205.134
MinimumVisualStudioVersion = 10.0.40219.1
Project("{D954291E-2A0B-460D-934E-DC6B0785DB48}") = "POSUNO.Shared", "POSUNO\POSUNO.Shared\POSUNO.Shared.shproj", "{6279C845-92F8-4333-AB99-3D213163593C}"
EndProject
Project("{2150E333-8FDC-42A3-9474-1A3956D46DE8}") = "Platforms", "Platforms", "{B0FA3645-3884-42E6-A5C1-EB176704FD73}"
EndProject
Project("{FAE04EC0-301F-11D3-BF4B-00C04F79EFBC}") = "POSUNO.Droid", "POSUNO\POSUNO.Droid\POSUNO.Droid.csproj", "{55BD8FBD-BBFA-456A-8097-B7336ABAB06D}"
EndProject
Project("{FAE04EC0-301F-11D3-BF4B-00C04F79EFBC}") = "POSUNO.iOS", "POSUNO\POSUNO.iOS\POSUNO.iOS.csproj", "{3EAA9E20-9FF1-436C-B911-BF0D1623B0E3}"
EndProject
Project("{FAE04EC0-301F-11D3-BF4B-00C04F79EFBC}") = "POSUNO.UWP", "POSUNO\POSUNO.UWP\POSUNO.UWP.csproj", "{F6B7BC1A-CDF2-429A-BEA9-45E2F0B453CE}"
EndProject
Project("{FAE04EC0-301F-11D3-BF4B-00C04F79EFBC}") = "POSUNO.Wasm", "POSUNO\POSUNO.Wasm\POSUNO.Wasm.csproj", "{A7FE3F28-09AD-406E-8894-71236880D812}"
EndProject
Project("{FAE04EC0-301F-11D3-BF4B-00C04F79EFBC}") = "POSUNO.macOS", "POSUNO\POSUNO.macOS\POSUNO.macOS.csproj", "{3A177813-21EB-4DD6-9BBF-1BFE7B587BC8}"
EndProject
Project("{FAE04EC0-301F-11D3-BF4B-00C04F79EFBC}") = "POSUNO.Skia.Wpf.Host", "POSUNO\POSUNO.Skia.Wpf.Host\POSUNO.Skia.Wpf.Host.csproj", "{D3DD9FC2-1DA3-4B80-AEF9-AF045B418B91}"
EndProject
Project("{FAE04EC0-301F-11D3-BF4B-00C04F79EFBC}") = "POSUNO.Skia.Wpf", "POSUNO\POSUNO.Skia.Wpf\POSUNO.Skia.Wpf.csproj", "{4C98EF92-BA80-4F6B-9888-482A2ADC463D}"
EndProject
Project("{FAE04EC0-301F-11D3-BF4B-00C04F79EFBC}") = "POSUNO.Skia.Gtk", "POSUNO\POSUNO.Skia.Gtk\POSUNO.Skia.Gtk.csproj", "{7D34DC64-5392-4B5C-91CB-FC4D72FAB9B7}"
EndProject
Project("{FAE04EC0-301F-11D3-BF4B-00C04F79EFBC}") = "POSUNO.Skia.Tizen", "POSUNO\POSUNO.Skia.Tizen\POSUNO.Skia.Tizen.csproj", "{82BBC3CB-DDC9-4212-89FC-D79BAC1B4E91}"
EndProject
Global
	GlobalSection(SharedMSBuildProjectFiles) = preSolution
		POSUNO\POSUNO.Shared\POSUNO.Shared.projitems*{3a177813-21eb-4dd6-9bbf-1bfe7b587bc8}*SharedItemsImports = 4
		POSUNO\POSUNO.Shared\POSUNO.Shared.projitems*{3eaa9e20-9ff1-436c-b911-bf0d1623b0e3}*SharedItemsImports = 4
		POSUNO\POSUNO.Shared\POSUNO.Shared.projitems*{4c98ef92-ba80-4f6b-9888-482a2adc463d}*SharedItemsImports = 5
		POSUNO\POSUNO.Shared\POSUNO.Shared.projitems*{55bd8fbd-bbfa-456a-8097-b7336abab06d}*SharedItemsImports = 4
		POSUNO\POSUNO.Shared\POSUNO.Shared.projitems*{6279c845-92f8-4333-ab99-3d213163593c}*SharedItemsImports = 13
		POSUNO\POSUNO.Shared\POSUNO.Shared.projitems*{7d34dc64-5392-4b5c-91cb-fc4d72fab9b7}*SharedItemsImports = 5
		POSUNO\POSUNO.Shared\POSUNO.Shared.projitems*{82bbc3cb-ddc9-4212-89fc-d79bac1b4e91}*SharedItemsImports = 5
		POSUNO\POSUNO.Shared\POSUNO.Shared.projitems*{a7fe3f28-09ad-406e-8894-71236880d812}*SharedItemsImports = 5
		POSUNO\POSUNO.Shared\POSUNO.Shared.projitems*{f6b7bc1a-cdf2-429a-bea9-45e2f0b453ce}*SharedItemsImports = 4
	EndGlobalSection
	GlobalSection(SolutionConfigurationPlatforms) = preSolution
		Ad-Hoc|Any CPU = Ad-Hoc|Any CPU
		Ad-Hoc|ARM = Ad-Hoc|ARM
		Ad-Hoc|ARM64 = Ad-Hoc|ARM64
		Ad-Hoc|iPhone = Ad-Hoc|iPhone
		Ad-Hoc|iPhoneSimulator = Ad-Hoc|iPhoneSimulator
		Ad-Hoc|x64 = Ad-Hoc|x64
		Ad-Hoc|x86 = Ad-Hoc|x86
		AppStore|Any CPU = AppStore|Any CPU
		AppStore|ARM = AppStore|ARM
		AppStore|ARM64 = AppStore|ARM64
		AppStore|iPhone = AppStore|iPhone
		AppStore|iPhoneSimulator = AppStore|iPhoneSimulator
		AppStore|x64 = AppStore|x64
		AppStore|x86 = AppStore|x86
		Debug|Any CPU = Debug|Any CPU
		Debug|ARM = Debug|ARM
		Debug|ARM64 = Debug|ARM64
		Debug|iPhone = Debug|iPhone
		Debug|iPhoneSimulator = Debug|iPhoneSimulator
		Debug|x64 = Debug|x64
		Debug|x86 = Debug|x86
		Release|Any CPU = Release|Any CPU
		Release|ARM = Release|ARM
		Release|ARM64 = Release|ARM64
		Release|iPhone = Release|iPhone
		Release|iPhoneSimulator = Release|iPhoneSimulator
		Release|x64 = Release|x64
		Release|x86 = Release|x86
	EndGlobalSection
	GlobalSection(ProjectConfigurationPlatforms) = postSolution
		{55BD8FBD-BBFA-456A-8097-B7336ABAB06D}.Ad-Hoc|Any CPU.ActiveCfg = Debug|Any CPU
		{55BD8FBD-BBFA-456A-8097-B7336ABAB06D}.Ad-Hoc|Any CPU.Build.0 = Debug|Any CPU
		{55BD8FBD-BBFA-456A-8097-B7336ABAB06D}.Ad-Hoc|Any CPU.Deploy.0 = Debug|Any CPU
		{55BD8FBD-BBFA-456A-8097-B7336ABAB06D}.Ad-Hoc|ARM.ActiveCfg = Debug|Any CPU
		{55BD8FBD-BBFA-456A-8097-B7336ABAB06D}.Ad-Hoc|ARM.Build.0 = Debug|Any CPU
		{55BD8FBD-BBFA-456A-8097-B7336ABAB06D}.Ad-Hoc|ARM.Deploy.0 = Debug|Any CPU
		{55BD8FBD-BBFA-456A-8097-B7336ABAB06D}.Ad-Hoc|ARM64.ActiveCfg = Debug|Any CPU
		{55BD8FBD-BBFA-456A-8097-B7336ABAB06D}.Ad-Hoc|ARM64.Build.0 = Debug|Any CPU
		{55BD8FBD-BBFA-456A-8097-B7336ABAB06D}.Ad-Hoc|ARM64.Deploy.0 = Debug|Any CPU
		{55BD8FBD-BBFA-456A-8097-B7336ABAB06D}.Ad-Hoc|iPhone.ActiveCfg = Debug|Any CPU
		{55BD8FBD-BBFA-456A-8097-B7336ABAB06D}.Ad-Hoc|iPhone.Build.0 = Debug|Any CPU
		{55BD8FBD-BBFA-456A-8097-B7336ABAB06D}.Ad-Hoc|iPhone.Deploy.0 = Debug|Any CPU
		{55BD8FBD-BBFA-456A-8097-B7336ABAB06D}.Ad-Hoc|iPhoneSimulator.ActiveCfg = Debug|Any CPU
		{55BD8FBD-BBFA-456A-8097-B7336ABAB06D}.Ad-Hoc|iPhoneSimulator.Build.0 = Debug|Any CPU
		{55BD8FBD-BBFA-456A-8097-B7336ABAB06D}.Ad-Hoc|iPhoneSimulator.Deploy.0 = Debug|Any CPU
		{55BD8FBD-BBFA-456A-8097-B7336ABAB06D}.Ad-Hoc|x64.ActiveCfg = Debug|Any CPU
		{55BD8FBD-BBFA-456A-8097-B7336ABAB06D}.Ad-Hoc|x64.Build.0 = Debug|Any CPU
		{55BD8FBD-BBFA-456A-8097-B7336ABAB06D}.Ad-Hoc|x64.Deploy.0 = Debug|Any CPU
		{55BD8FBD-BBFA-456A-8097-B7336ABAB06D}.Ad-Hoc|x86.ActiveCfg = Debug|Any CPU
		{55BD8FBD-BBFA-456A-8097-B7336ABAB06D}.Ad-Hoc|x86.Build.0 = Debug|Any CPU
		{55BD8FBD-BBFA-456A-8097-B7336ABAB06D}.Ad-Hoc|x86.Deploy.0 = Debug|Any CPU
		{55BD8FBD-BBFA-456A-8097-B7336ABAB06D}.AppStore|Any CPU.ActiveCfg = Debug|Any CPU
		{55BD8FBD-BBFA-456A-8097-B7336ABAB06D}.AppStore|Any CPU.Build.0 = Debug|Any CPU
		{55BD8FBD-BBFA-456A-8097-B7336ABAB06D}.AppStore|Any CPU.Deploy.0 = Debug|Any CPU
		{55BD8FBD-BBFA-456A-8097-B7336ABAB06D}.AppStore|ARM.ActiveCfg = Debug|Any CPU
		{55BD8FBD-BBFA-456A-8097-B7336ABAB06D}.AppStore|ARM.Build.0 = Debug|Any CPU
		{55BD8FBD-BBFA-456A-8097-B7336ABAB06D}.AppStore|ARM.Deploy.0 = Debug|Any CPU
		{55BD8FBD-BBFA-456A-8097-B7336ABAB06D}.AppStore|ARM64.ActiveCfg = Debug|Any CPU
		{55BD8FBD-BBFA-456A-8097-B7336ABAB06D}.AppStore|ARM64.Build.0 = Debug|Any CPU
		{55BD8FBD-BBFA-456A-8097-B7336ABAB06D}.AppStore|ARM64.Deploy.0 = Debug|Any CPU
		{55BD8FBD-BBFA-456A-8097-B7336ABAB06D}.AppStore|iPhone.ActiveCfg = Debug|Any CPU
		{55BD8FBD-BBFA-456A-8097-B7336ABAB06D}.AppStore|iPhone.Build.0 = Debug|Any CPU
		{55BD8FBD-BBFA-456A-8097-B7336ABAB06D}.AppStore|iPhone.Deploy.0 = Debug|Any CPU
		{55BD8FBD-BBFA-456A-8097-B7336ABAB06D}.AppStore|iPhoneSimulator.ActiveCfg = Debug|Any CPU
		{55BD8FBD-BBFA-456A-8097-B7336ABAB06D}.AppStore|iPhoneSimulator.Build.0 = Debug|Any CPU
		{55BD8FBD-BBFA-456A-8097-B7336ABAB06D}.AppStore|iPhoneSimulator.Deploy.0 = Debug|Any CPU
		{55BD8FBD-BBFA-456A-8097-B7336ABAB06D}.AppStore|x64.ActiveCfg = Debug|Any CPU
		{55BD8FBD-BBFA-456A-8097-B7336ABAB06D}.AppStore|x64.Build.0 = Debug|Any CPU
		{55BD8FBD-BBFA-456A-8097-B7336ABAB06D}.AppStore|x64.Deploy.0 = Debug|Any CPU
		{55BD8FBD-BBFA-456A-8097-B7336ABAB06D}.AppStore|x86.ActiveCfg = Debug|Any CPU
		{55BD8FBD-BBFA-456A-8097-B7336ABAB06D}.AppStore|x86.Build.0 = Debug|Any CPU
		{55BD8FBD-BBFA-456A-8097-B7336ABAB06D}.AppStore|x86.Deploy.0 = Debug|Any CPU
		{55BD8FBD-BBFA-456A-8097-B7336ABAB06D}.Debug|Any CPU.ActiveCfg = Debug|Any CPU
		{55BD8FBD-BBFA-456A-8097-B7336ABAB06D}.Debug|Any CPU.Build.0 = Debug|Any CPU
		{55BD8FBD-BBFA-456A-8097-B7336ABAB06D}.Debug|Any CPU.Deploy.0 = Debug|Any CPU
		{55BD8FBD-BBFA-456A-8097-B7336ABAB06D}.Debug|ARM.ActiveCfg = Debug|Any CPU
		{55BD8FBD-BBFA-456A-8097-B7336ABAB06D}.Debug|ARM.Build.0 = Debug|Any CPU
		{55BD8FBD-BBFA-456A-8097-B7336ABAB06D}.Debug|ARM.Deploy.0 = Debug|Any CPU
		{55BD8FBD-BBFA-456A-8097-B7336ABAB06D}.Debug|ARM64.ActiveCfg = Debug|Any CPU
		{55BD8FBD-BBFA-456A-8097-B7336ABAB06D}.Debug|ARM64.Build.0 = Debug|Any CPU
		{55BD8FBD-BBFA-456A-8097-B7336ABAB06D}.Debug|ARM64.Deploy.0 = Debug|Any CPU
		{55BD8FBD-BBFA-456A-8097-B7336ABAB06D}.Debug|iPhone.ActiveCfg = Debug|Any CPU
		{55BD8FBD-BBFA-456A-8097-B7336ABAB06D}.Debug|iPhone.Build.0 = Debug|Any CPU
		{55BD8FBD-BBFA-456A-8097-B7336ABAB06D}.Debug|iPhone.Deploy.0 = Debug|Any CPU
		{55BD8FBD-BBFA-456A-8097-B7336ABAB06D}.Debug|iPhoneSimulator.ActiveCfg = Debug|Any CPU
		{55BD8FBD-BBFA-456A-8097-B7336ABAB06D}.Debug|iPhoneSimulator.Build.0 = Debug|Any CPU
		{55BD8FBD-BBFA-456A-8097-B7336ABAB06D}.Debug|iPhoneSimulator.Deploy.0 = Debug|Any CPU
		{55BD8FBD-BBFA-456A-8097-B7336ABAB06D}.Debug|x64.ActiveCfg = Debug|Any CPU
		{55BD8FBD-BBFA-456A-8097-B7336ABAB06D}.Debug|x64.Build.0 = Debug|Any CPU
		{55BD8FBD-BBFA-456A-8097-B7336ABAB06D}.Debug|x64.Deploy.0 = Debug|Any CPU
		{55BD8FBD-BBFA-456A-8097-B7336ABAB06D}.Debug|x86.ActiveCfg = Debug|Any CPU
		{55BD8FBD-BBFA-456A-8097-B7336ABAB06D}.Debug|x86.Build.0 = Debug|Any CPU
		{55BD8FBD-BBFA-456A-8097-B7336ABAB06D}.Debug|x86.Deploy.0 = Debug|Any CPU
		{55BD8FBD-BBFA-456A-8097-B7336ABAB06D}.Release|Any CPU.ActiveCfg = Release|Any CPU
		{55BD8FBD-BBFA-456A-8097-B7336ABAB06D}.Release|Any CPU.Build.0 = Release|Any CPU
		{55BD8FBD-BBFA-456A-8097-B7336ABAB06D}.Release|Any CPU.Deploy.0 = Release|Any CPU
		{55BD8FBD-BBFA-456A-8097-B7336ABAB06D}.Release|ARM.ActiveCfg = Release|Any CPU
		{55BD8FBD-BBFA-456A-8097-B7336ABAB06D}.Release|ARM.Build.0 = Release|Any CPU
		{55BD8FBD-BBFA-456A-8097-B7336ABAB06D}.Release|ARM.Deploy.0 = Release|Any CPU
		{55BD8FBD-BBFA-456A-8097-B7336ABAB06D}.Release|ARM64.ActiveCfg = Release|Any CPU
		{55BD8FBD-BBFA-456A-8097-B7336ABAB06D}.Release|ARM64.Build.0 = Release|Any CPU
		{55BD8FBD-BBFA-456A-8097-B7336ABAB06D}.Release|ARM64.Deploy.0 = Release|Any CPU
		{55BD8FBD-BBFA-456A-8097-B7336ABAB06D}.Release|iPhone.ActiveCfg = Release|Any CPU
		{55BD8FBD-BBFA-456A-8097-B7336ABAB06D}.Release|iPhone.Build.0 = Release|Any CPU
		{55BD8FBD-BBFA-456A-8097-B7336ABAB06D}.Release|iPhone.Deploy.0 = Release|Any CPU
		{55BD8FBD-BBFA-456A-8097-B7336ABAB06D}.Release|iPhoneSimulator.ActiveCfg = Release|Any CPU
		{55BD8FBD-BBFA-456A-8097-B7336ABAB06D}.Release|iPhoneSimulator.Build.0 = Release|Any CPU
		{55BD8FBD-BBFA-456A-8097-B7336ABAB06D}.Release|iPhoneSimulator.Deploy.0 = Release|Any CPU
		{55BD8FBD-BBFA-456A-8097-B7336ABAB06D}.Release|x64.ActiveCfg = Release|Any CPU
		{55BD8FBD-BBFA-456A-8097-B7336ABAB06D}.Release|x64.Build.0 = Release|Any CPU
		{55BD8FBD-BBFA-456A-8097-B7336ABAB06D}.Release|x64.Deploy.0 = Release|Any CPU
		{55BD8FBD-BBFA-456A-8097-B7336ABAB06D}.Release|x86.ActiveCfg = Release|Any CPU
		{55BD8FBD-BBFA-456A-8097-B7336ABAB06D}.Release|x86.Build.0 = Release|Any CPU
		{55BD8FBD-BBFA-456A-8097-B7336ABAB06D}.Release|x86.Deploy.0 = Release|Any CPU
		{3EAA9E20-9FF1-436C-B911-BF0D1623B0E3}.Ad-Hoc|Any CPU.ActiveCfg = Ad-Hoc|iPhoneSimulator
		{3EAA9E20-9FF1-436C-B911-BF0D1623B0E3}.Ad-Hoc|ARM.ActiveCfg = Ad-Hoc|iPhoneSimulator
		{3EAA9E20-9FF1-436C-B911-BF0D1623B0E3}.Ad-Hoc|ARM64.ActiveCfg = Ad-Hoc|iPhoneSimulator
		{3EAA9E20-9FF1-436C-B911-BF0D1623B0E3}.Ad-Hoc|iPhone.ActiveCfg = Ad-Hoc|iPhone
		{3EAA9E20-9FF1-436C-B911-BF0D1623B0E3}.Ad-Hoc|iPhone.Build.0 = Ad-Hoc|iPhone
		{3EAA9E20-9FF1-436C-B911-BF0D1623B0E3}.Ad-Hoc|iPhoneSimulator.ActiveCfg = Ad-Hoc|iPhoneSimulator
		{3EAA9E20-9FF1-436C-B911-BF0D1623B0E3}.Ad-Hoc|iPhoneSimulator.Build.0 = Ad-Hoc|iPhoneSimulator
		{3EAA9E20-9FF1-436C-B911-BF0D1623B0E3}.Ad-Hoc|x64.ActiveCfg = Ad-Hoc|iPhoneSimulator
		{3EAA9E20-9FF1-436C-B911-BF0D1623B0E3}.Ad-Hoc|x86.ActiveCfg = Ad-Hoc|iPhoneSimulator
		{3EAA9E20-9FF1-436C-B911-BF0D1623B0E3}.AppStore|Any CPU.ActiveCfg = AppStore|iPhoneSimulator
		{3EAA9E20-9FF1-436C-B911-BF0D1623B0E3}.AppStore|ARM.ActiveCfg = AppStore|iPhoneSimulator
		{3EAA9E20-9FF1-436C-B911-BF0D1623B0E3}.AppStore|ARM64.ActiveCfg = AppStore|iPhoneSimulator
		{3EAA9E20-9FF1-436C-B911-BF0D1623B0E3}.AppStore|iPhone.ActiveCfg = AppStore|iPhone
		{3EAA9E20-9FF1-436C-B911-BF0D1623B0E3}.AppStore|iPhone.Build.0 = AppStore|iPhone
		{3EAA9E20-9FF1-436C-B911-BF0D1623B0E3}.AppStore|iPhoneSimulator.ActiveCfg = AppStore|iPhoneSimulator
		{3EAA9E20-9FF1-436C-B911-BF0D1623B0E3}.AppStore|iPhoneSimulator.Build.0 = AppStore|iPhoneSimulator
		{3EAA9E20-9FF1-436C-B911-BF0D1623B0E3}.AppStore|x64.ActiveCfg = AppStore|iPhoneSimulator
		{3EAA9E20-9FF1-436C-B911-BF0D1623B0E3}.AppStore|x86.ActiveCfg = AppStore|iPhoneSimulator
		{3EAA9E20-9FF1-436C-B911-BF0D1623B0E3}.Debug|Any CPU.ActiveCfg = Debug|iPhoneSimulator
		{3EAA9E20-9FF1-436C-B911-BF0D1623B0E3}.Debug|ARM.ActiveCfg = Debug|iPhoneSimulator
		{3EAA9E20-9FF1-436C-B911-BF0D1623B0E3}.Debug|ARM64.ActiveCfg = Debug|iPhoneSimulator
		{3EAA9E20-9FF1-436C-B911-BF0D1623B0E3}.Debug|iPhone.ActiveCfg = Debug|iPhone
		{3EAA9E20-9FF1-436C-B911-BF0D1623B0E3}.Debug|iPhone.Build.0 = Debug|iPhone
		{3EAA9E20-9FF1-436C-B911-BF0D1623B0E3}.Debug|iPhoneSimulator.ActiveCfg = Debug|iPhoneSimulator
		{3EAA9E20-9FF1-436C-B911-BF0D1623B0E3}.Debug|iPhoneSimulator.Build.0 = Debug|iPhoneSimulator
		{3EAA9E20-9FF1-436C-B911-BF0D1623B0E3}.Debug|x64.ActiveCfg = Debug|iPhoneSimulator
		{3EAA9E20-9FF1-436C-B911-BF0D1623B0E3}.Debug|x86.ActiveCfg = Debug|iPhoneSimulator
		{3EAA9E20-9FF1-436C-B911-BF0D1623B0E3}.Release|Any CPU.ActiveCfg = Release|iPhoneSimulator
		{3EAA9E20-9FF1-436C-B911-BF0D1623B0E3}.Release|ARM.ActiveCfg = Release|iPhoneSimulator
		{3EAA9E20-9FF1-436C-B911-BF0D1623B0E3}.Release|ARM64.ActiveCfg = Release|iPhoneSimulator
		{3EAA9E20-9FF1-436C-B911-BF0D1623B0E3}.Release|iPhone.ActiveCfg = Release|iPhone
		{3EAA9E20-9FF1-436C-B911-BF0D1623B0E3}.Release|iPhone.Build.0 = Release|iPhone
		{3EAA9E20-9FF1-436C-B911-BF0D1623B0E3}.Release|iPhoneSimulator.ActiveCfg = Release|iPhoneSimulator
		{3EAA9E20-9FF1-436C-B911-BF0D1623B0E3}.Release|iPhoneSimulator.Build.0 = Release|iPhoneSimulator
		{3EAA9E20-9FF1-436C-B911-BF0D1623B0E3}.Release|x64.ActiveCfg = Release|iPhoneSimulator
		{3EAA9E20-9FF1-436C-B911-BF0D1623B0E3}.Release|x86.ActiveCfg = Release|iPhoneSimulator
		{F6B7BC1A-CDF2-429A-BEA9-45E2F0B453CE}.Ad-Hoc|Any CPU.ActiveCfg = Debug|x86
		{F6B7BC1A-CDF2-429A-BEA9-45E2F0B453CE}.Ad-Hoc|Any CPU.Build.0 = Debug|x86
		{F6B7BC1A-CDF2-429A-BEA9-45E2F0B453CE}.Ad-Hoc|Any CPU.Deploy.0 = Debug|x86
		{F6B7BC1A-CDF2-429A-BEA9-45E2F0B453CE}.Ad-Hoc|ARM.ActiveCfg = Debug|ARM
		{F6B7BC1A-CDF2-429A-BEA9-45E2F0B453CE}.Ad-Hoc|ARM.Build.0 = Debug|ARM
		{F6B7BC1A-CDF2-429A-BEA9-45E2F0B453CE}.Ad-Hoc|ARM.Deploy.0 = Debug|ARM
		{F6B7BC1A-CDF2-429A-BEA9-45E2F0B453CE}.Ad-Hoc|ARM64.ActiveCfg = Debug|ARM64
		{F6B7BC1A-CDF2-429A-BEA9-45E2F0B453CE}.Ad-Hoc|ARM64.Build.0 = Debug|ARM64
		{F6B7BC1A-CDF2-429A-BEA9-45E2F0B453CE}.Ad-Hoc|ARM64.Deploy.0 = Debug|ARM64
		{F6B7BC1A-CDF2-429A-BEA9-45E2F0B453CE}.Ad-Hoc|iPhone.ActiveCfg = Debug|x86
		{F6B7BC1A-CDF2-429A-BEA9-45E2F0B453CE}.Ad-Hoc|iPhone.Build.0 = Debug|x86
		{F6B7BC1A-CDF2-429A-BEA9-45E2F0B453CE}.Ad-Hoc|iPhone.Deploy.0 = Debug|x86
		{F6B7BC1A-CDF2-429A-BEA9-45E2F0B453CE}.Ad-Hoc|iPhoneSimulator.ActiveCfg = Debug|x86
		{F6B7BC1A-CDF2-429A-BEA9-45E2F0B453CE}.Ad-Hoc|iPhoneSimulator.Build.0 = Debug|x86
		{F6B7BC1A-CDF2-429A-BEA9-45E2F0B453CE}.Ad-Hoc|iPhoneSimulator.Deploy.0 = Debug|x86
		{F6B7BC1A-CDF2-429A-BEA9-45E2F0B453CE}.Ad-Hoc|x64.ActiveCfg = Debug|x64
		{F6B7BC1A-CDF2-429A-BEA9-45E2F0B453CE}.Ad-Hoc|x64.Build.0 = Debug|x64
		{F6B7BC1A-CDF2-429A-BEA9-45E2F0B453CE}.Ad-Hoc|x64.Deploy.0 = Debug|x64
		{F6B7BC1A-CDF2-429A-BEA9-45E2F0B453CE}.Ad-Hoc|x86.ActiveCfg = Debug|x86
		{F6B7BC1A-CDF2-429A-BEA9-45E2F0B453CE}.Ad-Hoc|x86.Build.0 = Debug|x86
		{F6B7BC1A-CDF2-429A-BEA9-45E2F0B453CE}.Ad-Hoc|x86.Deploy.0 = Debug|x86
		{F6B7BC1A-CDF2-429A-BEA9-45E2F0B453CE}.AppStore|Any CPU.ActiveCfg = Debug|x86
		{F6B7BC1A-CDF2-429A-BEA9-45E2F0B453CE}.AppStore|Any CPU.Build.0 = Debug|x86
		{F6B7BC1A-CDF2-429A-BEA9-45E2F0B453CE}.AppStore|Any CPU.Deploy.0 = Debug|x86
		{F6B7BC1A-CDF2-429A-BEA9-45E2F0B453CE}.AppStore|ARM.ActiveCfg = Debug|ARM
		{F6B7BC1A-CDF2-429A-BEA9-45E2F0B453CE}.AppStore|ARM.Build.0 = Debug|ARM
		{F6B7BC1A-CDF2-429A-BEA9-45E2F0B453CE}.AppStore|ARM.Deploy.0 = Debug|ARM
		{F6B7BC1A-CDF2-429A-BEA9-45E2F0B453CE}.AppStore|ARM64.ActiveCfg = Debug|ARM64
		{F6B7BC1A-CDF2-429A-BEA9-45E2F0B453CE}.AppStore|ARM64.Build.0 = Debug|ARM64
		{F6B7BC1A-CDF2-429A-BEA9-45E2F0B453CE}.AppStore|ARM64.Deploy.0 = Debug|ARM64
		{F6B7BC1A-CDF2-429A-BEA9-45E2F0B453CE}.AppStore|iPhone.ActiveCfg = Debug|x86
		{F6B7BC1A-CDF2-429A-BEA9-45E2F0B453CE}.AppStore|iPhone.Build.0 = Debug|x86
		{F6B7BC1A-CDF2-429A-BEA9-45E2F0B453CE}.AppStore|iPhone.Deploy.0 = Debug|x86
		{F6B7BC1A-CDF2-429A-BEA9-45E2F0B453CE}.AppStore|iPhoneSimulator.ActiveCfg = Debug|x86
		{F6B7BC1A-CDF2-429A-BEA9-45E2F0B453CE}.AppStore|iPhoneSimulator.Build.0 = Debug|x86
		{F6B7BC1A-CDF2-429A-BEA9-45E2F0B453CE}.AppStore|iPhoneSimulator.Deploy.0 = Debug|x86
		{F6B7BC1A-CDF2-429A-BEA9-45E2F0B453CE}.AppStore|x64.ActiveCfg = Debug|x64
		{F6B7BC1A-CDF2-429A-BEA9-45E2F0B453CE}.AppStore|x64.Build.0 = Debug|x64
		{F6B7BC1A-CDF2-429A-BEA9-45E2F0B453CE}.AppStore|x64.Deploy.0 = Debug|x64
		{F6B7BC1A-CDF2-429A-BEA9-45E2F0B453CE}.AppStore|x86.ActiveCfg = Debug|x86
		{F6B7BC1A-CDF2-429A-BEA9-45E2F0B453CE}.AppStore|x86.Build.0 = Debug|x86
		{F6B7BC1A-CDF2-429A-BEA9-45E2F0B453CE}.AppStore|x86.Deploy.0 = Debug|x86
		{F6B7BC1A-CDF2-429A-BEA9-45E2F0B453CE}.Debug|Any CPU.ActiveCfg = Debug|x86
		{F6B7BC1A-CDF2-429A-BEA9-45E2F0B453CE}.Debug|Any CPU.Build.0 = Debug|x86
		{F6B7BC1A-CDF2-429A-BEA9-45E2F0B453CE}.Debug|Any CPU.Deploy.0 = Debug|x86
		{F6B7BC1A-CDF2-429A-BEA9-45E2F0B453CE}.Debug|ARM.ActiveCfg = Debug|ARM
		{F6B7BC1A-CDF2-429A-BEA9-45E2F0B453CE}.Debug|ARM.Build.0 = Debug|ARM
		{F6B7BC1A-CDF2-429A-BEA9-45E2F0B453CE}.Debug|ARM.Deploy.0 = Debug|ARM
		{F6B7BC1A-CDF2-429A-BEA9-45E2F0B453CE}.Debug|ARM64.ActiveCfg = Debug|ARM64
		{F6B7BC1A-CDF2-429A-BEA9-45E2F0B453CE}.Debug|ARM64.Build.0 = Debug|ARM64
		{F6B7BC1A-CDF2-429A-BEA9-45E2F0B453CE}.Debug|ARM64.Deploy.0 = Debug|ARM64
		{F6B7BC1A-CDF2-429A-BEA9-45E2F0B453CE}.Debug|iPhone.ActiveCfg = Debug|x86
		{F6B7BC1A-CDF2-429A-BEA9-45E2F0B453CE}.Debug|iPhoneSimulator.ActiveCfg = Debug|x86
		{F6B7BC1A-CDF2-429A-BEA9-45E2F0B453CE}.Debug|x64.ActiveCfg = Debug|x64
		{F6B7BC1A-CDF2-429A-BEA9-45E2F0B453CE}.Debug|x64.Build.0 = Debug|x64
		{F6B7BC1A-CDF2-429A-BEA9-45E2F0B453CE}.Debug|x64.Deploy.0 = Debug|x64
		{F6B7BC1A-CDF2-429A-BEA9-45E2F0B453CE}.Debug|x86.ActiveCfg = Debug|x86
		{F6B7BC1A-CDF2-429A-BEA9-45E2F0B453CE}.Debug|x86.Build.0 = Debug|x86
		{F6B7BC1A-CDF2-429A-BEA9-45E2F0B453CE}.Debug|x86.Deploy.0 = Debug|x86
		{F6B7BC1A-CDF2-429A-BEA9-45E2F0B453CE}.Release|Any CPU.ActiveCfg = Release|x86
		{F6B7BC1A-CDF2-429A-BEA9-45E2F0B453CE}.Release|ARM.ActiveCfg = Release|ARM
		{F6B7BC1A-CDF2-429A-BEA9-45E2F0B453CE}.Release|ARM.Build.0 = Release|ARM
		{F6B7BC1A-CDF2-429A-BEA9-45E2F0B453CE}.Release|ARM.Deploy.0 = Release|ARM
		{F6B7BC1A-CDF2-429A-BEA9-45E2F0B453CE}.Release|ARM64.ActiveCfg = Release|ARM64
		{F6B7BC1A-CDF2-429A-BEA9-45E2F0B453CE}.Release|ARM64.Build.0 = Release|ARM64
		{F6B7BC1A-CDF2-429A-BEA9-45E2F0B453CE}.Release|ARM64.Deploy.0 = Release|ARM64
		{F6B7BC1A-CDF2-429A-BEA9-45E2F0B453CE}.Release|iPhone.ActiveCfg = Release|x86
		{F6B7BC1A-CDF2-429A-BEA9-45E2F0B453CE}.Release|iPhoneSimulator.ActiveCfg = Release|x86
		{F6B7BC1A-CDF2-429A-BEA9-45E2F0B453CE}.Release|x64.ActiveCfg = Release|x64
		{F6B7BC1A-CDF2-429A-BEA9-45E2F0B453CE}.Release|x64.Build.0 = Release|x64
		{F6B7BC1A-CDF2-429A-BEA9-45E2F0B453CE}.Release|x64.Deploy.0 = Release|x64
		{F6B7BC1A-CDF2-429A-BEA9-45E2F0B453CE}.Release|x86.ActiveCfg = Release|x86
		{F6B7BC1A-CDF2-429A-BEA9-45E2F0B453CE}.Release|x86.Build.0 = Release|x86
		{F6B7BC1A-CDF2-429A-BEA9-45E2F0B453CE}.Release|x86.Deploy.0 = Release|x86
		{A7FE3F28-09AD-406E-8894-71236880D812}.Ad-Hoc|Any CPU.ActiveCfg = Debug|Any CPU
		{A7FE3F28-09AD-406E-8894-71236880D812}.Ad-Hoc|Any CPU.Build.0 = Debug|Any CPU
		{A7FE3F28-09AD-406E-8894-71236880D812}.Ad-Hoc|ARM.ActiveCfg = Debug|Any CPU
		{A7FE3F28-09AD-406E-8894-71236880D812}.Ad-Hoc|ARM.Build.0 = Debug|Any CPU
		{A7FE3F28-09AD-406E-8894-71236880D812}.Ad-Hoc|ARM64.ActiveCfg = Debug|Any CPU
		{A7FE3F28-09AD-406E-8894-71236880D812}.Ad-Hoc|ARM64.Build.0 = Debug|Any CPU
		{A7FE3F28-09AD-406E-8894-71236880D812}.Ad-Hoc|iPhone.ActiveCfg = Debug|Any CPU
		{A7FE3F28-09AD-406E-8894-71236880D812}.Ad-Hoc|iPhone.Build.0 = Debug|Any CPU
		{A7FE3F28-09AD-406E-8894-71236880D812}.Ad-Hoc|iPhoneSimulator.ActiveCfg = Debug|Any CPU
		{A7FE3F28-09AD-406E-8894-71236880D812}.Ad-Hoc|iPhoneSimulator.Build.0 = Debug|Any CPU
		{A7FE3F28-09AD-406E-8894-71236880D812}.Ad-Hoc|x64.ActiveCfg = Debug|Any CPU
		{A7FE3F28-09AD-406E-8894-71236880D812}.Ad-Hoc|x64.Build.0 = Debug|Any CPU
		{A7FE3F28-09AD-406E-8894-71236880D812}.Ad-Hoc|x86.ActiveCfg = Debug|Any CPU
		{A7FE3F28-09AD-406E-8894-71236880D812}.Ad-Hoc|x86.Build.0 = Debug|Any CPU
		{A7FE3F28-09AD-406E-8894-71236880D812}.AppStore|Any CPU.ActiveCfg = Debug|Any CPU
		{A7FE3F28-09AD-406E-8894-71236880D812}.AppStore|Any CPU.Build.0 = Debug|Any CPU
		{A7FE3F28-09AD-406E-8894-71236880D812}.AppStore|ARM.ActiveCfg = Debug|Any CPU
		{A7FE3F28-09AD-406E-8894-71236880D812}.AppStore|ARM.Build.0 = Debug|Any CPU
		{A7FE3F28-09AD-406E-8894-71236880D812}.AppStore|ARM64.ActiveCfg = Debug|Any CPU
		{A7FE3F28-09AD-406E-8894-71236880D812}.AppStore|ARM64.Build.0 = Debug|Any CPU
		{A7FE3F28-09AD-406E-8894-71236880D812}.AppStore|iPhone.ActiveCfg = Debug|Any CPU
		{A7FE3F28-09AD-406E-8894-71236880D812}.AppStore|iPhone.Build.0 = Debug|Any CPU
		{A7FE3F28-09AD-406E-8894-71236880D812}.AppStore|iPhoneSimulator.ActiveCfg = Debug|Any CPU
		{A7FE3F28-09AD-406E-8894-71236880D812}.AppStore|iPhoneSimulator.Build.0 = Debug|Any CPU
		{A7FE3F28-09AD-406E-8894-71236880D812}.AppStore|x64.ActiveCfg = Debug|Any CPU
		{A7FE3F28-09AD-406E-8894-71236880D812}.AppStore|x64.Build.0 = Debug|Any CPU
		{A7FE3F28-09AD-406E-8894-71236880D812}.AppStore|x86.ActiveCfg = Debug|Any CPU
		{A7FE3F28-09AD-406E-8894-71236880D812}.AppStore|x86.Build.0 = Debug|Any CPU
		{A7FE3F28-09AD-406E-8894-71236880D812}.Debug|Any CPU.ActiveCfg = Debug|Any CPU
		{A7FE3F28-09AD-406E-8894-71236880D812}.Debug|Any CPU.Build.0 = Debug|Any CPU
		{A7FE3F28-09AD-406E-8894-71236880D812}.Debug|ARM.ActiveCfg = Debug|Any CPU
		{A7FE3F28-09AD-406E-8894-71236880D812}.Debug|ARM.Build.0 = Debug|Any CPU
		{A7FE3F28-09AD-406E-8894-71236880D812}.Debug|ARM64.ActiveCfg = Debug|Any CPU
		{A7FE3F28-09AD-406E-8894-71236880D812}.Debug|ARM64.Build.0 = Debug|Any CPU
		{A7FE3F28-09AD-406E-8894-71236880D812}.Debug|iPhone.ActiveCfg = Debug|Any CPU
		{A7FE3F28-09AD-406E-8894-71236880D812}.Debug|iPhone.Build.0 = Debug|Any CPU
		{A7FE3F28-09AD-406E-8894-71236880D812}.Debug|iPhoneSimulator.ActiveCfg = Debug|Any CPU
		{A7FE3F28-09AD-406E-8894-71236880D812}.Debug|iPhoneSimulator.Build.0 = Debug|Any CPU
		{A7FE3F28-09AD-406E-8894-71236880D812}.Debug|x64.ActiveCfg = Debug|Any CPU
		{A7FE3F28-09AD-406E-8894-71236880D812}.Debug|x64.Build.0 = Debug|Any CPU
		{A7FE3F28-09AD-406E-8894-71236880D812}.Debug|x86.ActiveCfg = Debug|Any CPU
		{A7FE3F28-09AD-406E-8894-71236880D812}.Debug|x86.Build.0 = Debug|Any CPU
		{A7FE3F28-09AD-406E-8894-71236880D812}.Release|Any CPU.ActiveCfg = Release|Any CPU
		{A7FE3F28-09AD-406E-8894-71236880D812}.Release|Any CPU.Build.0 = Release|Any CPU
		{A7FE3F28-09AD-406E-8894-71236880D812}.Release|ARM.ActiveCfg = Release|Any CPU
		{A7FE3F28-09AD-406E-8894-71236880D812}.Release|ARM.Build.0 = Release|Any CPU
		{A7FE3F28-09AD-406E-8894-71236880D812}.Release|ARM64.ActiveCfg = Release|Any CPU
		{A7FE3F28-09AD-406E-8894-71236880D812}.Release|ARM64.Build.0 = Release|Any CPU
		{A7FE3F28-09AD-406E-8894-71236880D812}.Release|iPhone.ActiveCfg = Release|Any CPU
		{A7FE3F28-09AD-406E-8894-71236880D812}.Release|iPhone.Build.0 = Release|Any CPU
		{A7FE3F28-09AD-406E-8894-71236880D812}.Release|iPhoneSimulator.ActiveCfg = Release|Any CPU
		{A7FE3F28-09AD-406E-8894-71236880D812}.Release|iPhoneSimulator.Build.0 = Release|Any CPU
		{A7FE3F28-09AD-406E-8894-71236880D812}.Release|x64.ActiveCfg = Release|Any CPU
		{A7FE3F28-09AD-406E-8894-71236880D812}.Release|x64.Build.0 = Release|Any CPU
		{A7FE3F28-09AD-406E-8894-71236880D812}.Release|x86.ActiveCfg = Release|Any CPU
		{A7FE3F28-09AD-406E-8894-71236880D812}.Release|x86.Build.0 = Release|Any CPU
		{3A177813-21EB-4DD6-9BBF-1BFE7B587BC8}.Ad-Hoc|Any CPU.ActiveCfg = Debug|iPhoneSimulator
		{3A177813-21EB-4DD6-9BBF-1BFE7B587BC8}.Ad-Hoc|Any CPU.Build.0 = Debug|iPhoneSimulator
		{3A177813-21EB-4DD6-9BBF-1BFE7B587BC8}.Ad-Hoc|ARM.ActiveCfg = Debug|iPhoneSimulator
		{3A177813-21EB-4DD6-9BBF-1BFE7B587BC8}.Ad-Hoc|ARM.Build.0 = Debug|iPhoneSimulator
		{3A177813-21EB-4DD6-9BBF-1BFE7B587BC8}.Ad-Hoc|ARM64.ActiveCfg = Debug|iPhoneSimulator
		{3A177813-21EB-4DD6-9BBF-1BFE7B587BC8}.Ad-Hoc|ARM64.Build.0 = Debug|iPhoneSimulator
		{3A177813-21EB-4DD6-9BBF-1BFE7B587BC8}.Ad-Hoc|iPhone.ActiveCfg = Debug|iPhoneSimulator
		{3A177813-21EB-4DD6-9BBF-1BFE7B587BC8}.Ad-Hoc|iPhone.Build.0 = Debug|iPhoneSimulator
		{3A177813-21EB-4DD6-9BBF-1BFE7B587BC8}.Ad-Hoc|iPhoneSimulator.ActiveCfg = Debug|iPhoneSimulator
		{3A177813-21EB-4DD6-9BBF-1BFE7B587BC8}.Ad-Hoc|iPhoneSimulator.Build.0 = Debug|iPhoneSimulator
		{3A177813-21EB-4DD6-9BBF-1BFE7B587BC8}.Ad-Hoc|x64.ActiveCfg = Debug|iPhoneSimulator
		{3A177813-21EB-4DD6-9BBF-1BFE7B587BC8}.Ad-Hoc|x64.Build.0 = Debug|iPhoneSimulator
		{3A177813-21EB-4DD6-9BBF-1BFE7B587BC8}.Ad-Hoc|x86.ActiveCfg = Debug|iPhoneSimulator
		{3A177813-21EB-4DD6-9BBF-1BFE7B587BC8}.Ad-Hoc|x86.Build.0 = Debug|iPhoneSimulator
		{3A177813-21EB-4DD6-9BBF-1BFE7B587BC8}.AppStore|Any CPU.ActiveCfg = Debug|iPhoneSimulator
		{3A177813-21EB-4DD6-9BBF-1BFE7B587BC8}.AppStore|Any CPU.Build.0 = Debug|iPhoneSimulator
		{3A177813-21EB-4DD6-9BBF-1BFE7B587BC8}.AppStore|ARM.ActiveCfg = Debug|iPhoneSimulator
		{3A177813-21EB-4DD6-9BBF-1BFE7B587BC8}.AppStore|ARM.Build.0 = Debug|iPhoneSimulator
		{3A177813-21EB-4DD6-9BBF-1BFE7B587BC8}.AppStore|ARM64.ActiveCfg = Debug|iPhoneSimulator
		{3A177813-21EB-4DD6-9BBF-1BFE7B587BC8}.AppStore|ARM64.Build.0 = Debug|iPhoneSimulator
		{3A177813-21EB-4DD6-9BBF-1BFE7B587BC8}.AppStore|iPhone.ActiveCfg = Debug|iPhoneSimulator
		{3A177813-21EB-4DD6-9BBF-1BFE7B587BC8}.AppStore|iPhone.Build.0 = Debug|iPhoneSimulator
		{3A177813-21EB-4DD6-9BBF-1BFE7B587BC8}.AppStore|iPhoneSimulator.ActiveCfg = Debug|iPhoneSimulator
		{3A177813-21EB-4DD6-9BBF-1BFE7B587BC8}.AppStore|iPhoneSimulator.Build.0 = Debug|iPhoneSimulator
		{3A177813-21EB-4DD6-9BBF-1BFE7B587BC8}.AppStore|x64.ActiveCfg = Debug|iPhoneSimulator
		{3A177813-21EB-4DD6-9BBF-1BFE7B587BC8}.AppStore|x64.Build.0 = Debug|iPhoneSimulator
		{3A177813-21EB-4DD6-9BBF-1BFE7B587BC8}.AppStore|x86.ActiveCfg = Debug|iPhoneSimulator
		{3A177813-21EB-4DD6-9BBF-1BFE7B587BC8}.AppStore|x86.Build.0 = Debug|iPhoneSimulator
		{3A177813-21EB-4DD6-9BBF-1BFE7B587BC8}.Debug|Any CPU.ActiveCfg = Debug|iPhoneSimulator
		{3A177813-21EB-4DD6-9BBF-1BFE7B587BC8}.Debug|ARM.ActiveCfg = Debug|iPhoneSimulator
		{3A177813-21EB-4DD6-9BBF-1BFE7B587BC8}.Debug|ARM64.ActiveCfg = Debug|iPhoneSimulator
		{3A177813-21EB-4DD6-9BBF-1BFE7B587BC8}.Debug|iPhone.ActiveCfg = Debug|iPhoneSimulator
		{3A177813-21EB-4DD6-9BBF-1BFE7B587BC8}.Debug|iPhoneSimulator.ActiveCfg = Debug|iPhoneSimulator
		{3A177813-21EB-4DD6-9BBF-1BFE7B587BC8}.Debug|iPhoneSimulator.Build.0 = Debug|iPhoneSimulator
		{3A177813-21EB-4DD6-9BBF-1BFE7B587BC8}.Debug|x64.ActiveCfg = Debug|iPhoneSimulator
		{3A177813-21EB-4DD6-9BBF-1BFE7B587BC8}.Debug|x86.ActiveCfg = Debug|iPhoneSimulator
		{3A177813-21EB-4DD6-9BBF-1BFE7B587BC8}.Release|Any CPU.ActiveCfg = Release|iPhoneSimulator
		{3A177813-21EB-4DD6-9BBF-1BFE7B587BC8}.Release|ARM.ActiveCfg = Release|iPhoneSimulator
		{3A177813-21EB-4DD6-9BBF-1BFE7B587BC8}.Release|ARM64.ActiveCfg = Release|iPhoneSimulator
		{3A177813-21EB-4DD6-9BBF-1BFE7B587BC8}.Release|iPhone.ActiveCfg = Release|iPhoneSimulator
		{3A177813-21EB-4DD6-9BBF-1BFE7B587BC8}.Release|iPhoneSimulator.ActiveCfg = Release|iPhoneSimulator
		{3A177813-21EB-4DD6-9BBF-1BFE7B587BC8}.Release|iPhoneSimulator.Build.0 = Release|iPhoneSimulator
		{3A177813-21EB-4DD6-9BBF-1BFE7B587BC8}.Release|x64.ActiveCfg = Release|iPhoneSimulator
		{3A177813-21EB-4DD6-9BBF-1BFE7B587BC8}.Release|x86.ActiveCfg = Release|iPhoneSimulator
		{D3DD9FC2-1DA3-4B80-AEF9-AF045B418B91}.Ad-Hoc|Any CPU.ActiveCfg = Debug|Any CPU
		{D3DD9FC2-1DA3-4B80-AEF9-AF045B418B91}.Ad-Hoc|Any CPU.Build.0 = Debug|Any CPU
		{D3DD9FC2-1DA3-4B80-AEF9-AF045B418B91}.Ad-Hoc|ARM.ActiveCfg = Debug|Any CPU
		{D3DD9FC2-1DA3-4B80-AEF9-AF045B418B91}.Ad-Hoc|ARM.Build.0 = Debug|Any CPU
		{D3DD9FC2-1DA3-4B80-AEF9-AF045B418B91}.Ad-Hoc|ARM64.ActiveCfg = Debug|Any CPU
		{D3DD9FC2-1DA3-4B80-AEF9-AF045B418B91}.Ad-Hoc|ARM64.Build.0 = Debug|Any CPU
		{D3DD9FC2-1DA3-4B80-AEF9-AF045B418B91}.Ad-Hoc|iPhone.ActiveCfg = Debug|Any CPU
		{D3DD9FC2-1DA3-4B80-AEF9-AF045B418B91}.Ad-Hoc|iPhone.Build.0 = Debug|Any CPU
		{D3DD9FC2-1DA3-4B80-AEF9-AF045B418B91}.Ad-Hoc|iPhoneSimulator.ActiveCfg = Debug|Any CPU
		{D3DD9FC2-1DA3-4B80-AEF9-AF045B418B91}.Ad-Hoc|iPhoneSimulator.Build.0 = Debug|Any CPU
		{D3DD9FC2-1DA3-4B80-AEF9-AF045B418B91}.Ad-Hoc|x64.ActiveCfg = Debug|Any CPU
		{D3DD9FC2-1DA3-4B80-AEF9-AF045B418B91}.Ad-Hoc|x64.Build.0 = Debug|Any CPU
		{D3DD9FC2-1DA3-4B80-AEF9-AF045B418B91}.Ad-Hoc|x86.ActiveCfg = Debug|Any CPU
		{D3DD9FC2-1DA3-4B80-AEF9-AF045B418B91}.Ad-Hoc|x86.Build.0 = Debug|Any CPU
		{D3DD9FC2-1DA3-4B80-AEF9-AF045B418B91}.AppStore|Any CPU.ActiveCfg = Debug|Any CPU
		{D3DD9FC2-1DA3-4B80-AEF9-AF045B418B91}.AppStore|Any CPU.Build.0 = Debug|Any CPU
		{D3DD9FC2-1DA3-4B80-AEF9-AF045B418B91}.AppStore|ARM.ActiveCfg = Debug|Any CPU
		{D3DD9FC2-1DA3-4B80-AEF9-AF045B418B91}.AppStore|ARM.Build.0 = Debug|Any CPU
		{D3DD9FC2-1DA3-4B80-AEF9-AF045B418B91}.AppStore|ARM64.ActiveCfg = Debug|Any CPU
		{D3DD9FC2-1DA3-4B80-AEF9-AF045B418B91}.AppStore|ARM64.Build.0 = Debug|Any CPU
		{D3DD9FC2-1DA3-4B80-AEF9-AF045B418B91}.AppStore|iPhone.ActiveCfg = Debug|Any CPU
		{D3DD9FC2-1DA3-4B80-AEF9-AF045B418B91}.AppStore|iPhone.Build.0 = Debug|Any CPU
		{D3DD9FC2-1DA3-4B80-AEF9-AF045B418B91}.AppStore|iPhoneSimulator.ActiveCfg = Debug|Any CPU
		{D3DD9FC2-1DA3-4B80-AEF9-AF045B418B91}.AppStore|iPhoneSimulator.Build.0 = Debug|Any CPU
		{D3DD9FC2-1DA3-4B80-AEF9-AF045B418B91}.AppStore|x64.ActiveCfg = Debug|Any CPU
		{D3DD9FC2-1DA3-4B80-AEF9-AF045B418B91}.AppStore|x64.Build.0 = Debug|Any CPU
		{D3DD9FC2-1DA3-4B80-AEF9-AF045B418B91}.AppStore|x86.ActiveCfg = Debug|Any CPU
		{D3DD9FC2-1DA3-4B80-AEF9-AF045B418B91}.AppStore|x86.Build.0 = Debug|Any CPU
		{D3DD9FC2-1DA3-4B80-AEF9-AF045B418B91}.Debug|Any CPU.ActiveCfg = Debug|Any CPU
		{D3DD9FC2-1DA3-4B80-AEF9-AF045B418B91}.Debug|Any CPU.Build.0 = Debug|Any CPU
		{D3DD9FC2-1DA3-4B80-AEF9-AF045B418B91}.Debug|ARM.ActiveCfg = Debug|Any CPU
		{D3DD9FC2-1DA3-4B80-AEF9-AF045B418B91}.Debug|ARM.Build.0 = Debug|Any CPU
		{D3DD9FC2-1DA3-4B80-AEF9-AF045B418B91}.Debug|ARM64.ActiveCfg = Debug|Any CPU
		{D3DD9FC2-1DA3-4B80-AEF9-AF045B418B91}.Debug|ARM64.Build.0 = Debug|Any CPU
		{D3DD9FC2-1DA3-4B80-AEF9-AF045B418B91}.Debug|iPhone.ActiveCfg = Debug|Any CPU
		{D3DD9FC2-1DA3-4B80-AEF9-AF045B418B91}.Debug|iPhone.Build.0 = Debug|Any CPU
		{D3DD9FC2-1DA3-4B80-AEF9-AF045B418B91}.Debug|iPhoneSimulator.ActiveCfg = Debug|Any CPU
		{D3DD9FC2-1DA3-4B80-AEF9-AF045B418B91}.Debug|iPhoneSimulator.Build.0 = Debug|Any CPU
		{D3DD9FC2-1DA3-4B80-AEF9-AF045B418B91}.Debug|x64.ActiveCfg = Debug|Any CPU
		{D3DD9FC2-1DA3-4B80-AEF9-AF045B418B91}.Debug|x64.Build.0 = Debug|Any CPU
		{D3DD9FC2-1DA3-4B80-AEF9-AF045B418B91}.Debug|x86.ActiveCfg = Debug|Any CPU
		{D3DD9FC2-1DA3-4B80-AEF9-AF045B418B91}.Debug|x86.Build.0 = Debug|Any CPU
		{D3DD9FC2-1DA3-4B80-AEF9-AF045B418B91}.Release|Any CPU.ActiveCfg = Release|Any CPU
		{D3DD9FC2-1DA3-4B80-AEF9-AF045B418B91}.Release|Any CPU.Build.0 = Release|Any CPU
		{D3DD9FC2-1DA3-4B80-AEF9-AF045B418B91}.Release|ARM.ActiveCfg = Release|Any CPU
		{D3DD9FC2-1DA3-4B80-AEF9-AF045B418B91}.Release|ARM.Build.0 = Release|Any CPU
		{D3DD9FC2-1DA3-4B80-AEF9-AF045B418B91}.Release|ARM64.ActiveCfg = Release|Any CPU
		{D3DD9FC2-1DA3-4B80-AEF9-AF045B418B91}.Release|ARM64.Build.0 = Release|Any CPU
		{D3DD9FC2-1DA3-4B80-AEF9-AF045B418B91}.Release|iPhone.ActiveCfg = Release|Any CPU
		{D3DD9FC2-1DA3-4B80-AEF9-AF045B418B91}.Release|iPhone.Build.0 = Release|Any CPU
		{D3DD9FC2-1DA3-4B80-AEF9-AF045B418B91}.Release|iPhoneSimulator.ActiveCfg = Release|Any CPU
		{D3DD9FC2-1DA3-4B80-AEF9-AF045B418B91}.Release|iPhoneSimulator.Build.0 = Release|Any CPU
		{D3DD9FC2-1DA3-4B80-AEF9-AF045B418B91}.Release|x64.ActiveCfg = Release|Any CPU
		{D3DD9FC2-1DA3-4B80-AEF9-AF045B418B91}.Release|x64.Build.0 = Release|Any CPU
		{D3DD9FC2-1DA3-4B80-AEF9-AF045B418B91}.Release|x86.ActiveCfg = Release|Any CPU
		{D3DD9FC2-1DA3-4B80-AEF9-AF045B418B91}.Release|x86.Build.0 = Release|Any CPU
		{4C98EF92-BA80-4F6B-9888-482A2ADC463D}.Ad-Hoc|Any CPU.ActiveCfg = Debug|Any CPU
		{4C98EF92-BA80-4F6B-9888-482A2ADC463D}.Ad-Hoc|Any CPU.Build.0 = Debug|Any CPU
		{4C98EF92-BA80-4F6B-9888-482A2ADC463D}.Ad-Hoc|ARM.ActiveCfg = Debug|Any CPU
		{4C98EF92-BA80-4F6B-9888-482A2ADC463D}.Ad-Hoc|ARM.Build.0 = Debug|Any CPU
		{4C98EF92-BA80-4F6B-9888-482A2ADC463D}.Ad-Hoc|ARM64.ActiveCfg = Debug|Any CPU
		{4C98EF92-BA80-4F6B-9888-482A2ADC463D}.Ad-Hoc|ARM64.Build.0 = Debug|Any CPU
		{4C98EF92-BA80-4F6B-9888-482A2ADC463D}.Ad-Hoc|iPhone.ActiveCfg = Debug|Any CPU
		{4C98EF92-BA80-4F6B-9888-482A2ADC463D}.Ad-Hoc|iPhone.Build.0 = Debug|Any CPU
		{4C98EF92-BA80-4F6B-9888-482A2ADC463D}.Ad-Hoc|iPhoneSimulator.ActiveCfg = Debug|Any CPU
		{4C98EF92-BA80-4F6B-9888-482A2ADC463D}.Ad-Hoc|iPhoneSimulator.Build.0 = Debug|Any CPU
		{4C98EF92-BA80-4F6B-9888-482A2ADC463D}.Ad-Hoc|x64.ActiveCfg = Debug|Any CPU
		{4C98EF92-BA80-4F6B-9888-482A2ADC463D}.Ad-Hoc|x64.Build.0 = Debug|Any CPU
		{4C98EF92-BA80-4F6B-9888-482A2ADC463D}.Ad-Hoc|x86.ActiveCfg = Debug|Any CPU
		{4C98EF92-BA80-4F6B-9888-482A2ADC463D}.Ad-Hoc|x86.Build.0 = Debug|Any CPU
		{4C98EF92-BA80-4F6B-9888-482A2ADC463D}.AppStore|Any CPU.ActiveCfg = Debug|Any CPU
		{4C98EF92-BA80-4F6B-9888-482A2ADC463D}.AppStore|Any CPU.Build.0 = Debug|Any CPU
		{4C98EF92-BA80-4F6B-9888-482A2ADC463D}.AppStore|ARM.ActiveCfg = Debug|Any CPU
		{4C98EF92-BA80-4F6B-9888-482A2ADC463D}.AppStore|ARM.Build.0 = Debug|Any CPU
		{4C98EF92-BA80-4F6B-9888-482A2ADC463D}.AppStore|ARM64.ActiveCfg = Debug|Any CPU
		{4C98EF92-BA80-4F6B-9888-482A2ADC463D}.AppStore|ARM64.Build.0 = Debug|Any CPU
		{4C98EF92-BA80-4F6B-9888-482A2ADC463D}.AppStore|iPhone.ActiveCfg = Debug|Any CPU
		{4C98EF92-BA80-4F6B-9888-482A2ADC463D}.AppStore|iPhone.Build.0 = Debug|Any CPU
		{4C98EF92-BA80-4F6B-9888-482A2ADC463D}.AppStore|iPhoneSimulator.ActiveCfg = Debug|Any CPU
		{4C98EF92-BA80-4F6B-9888-482A2ADC463D}.AppStore|iPhoneSimulator.Build.0 = Debug|Any CPU
		{4C98EF92-BA80-4F6B-9888-482A2ADC463D}.AppStore|x64.ActiveCfg = Debug|Any CPU
		{4C98EF92-BA80-4F6B-9888-482A2ADC463D}.AppStore|x64.Build.0 = Debug|Any CPU
		{4C98EF92-BA80-4F6B-9888-482A2ADC463D}.AppStore|x86.ActiveCfg = Debug|Any CPU
		{4C98EF92-BA80-4F6B-9888-482A2ADC463D}.AppStore|x86.Build.0 = Debug|Any CPU
		{4C98EF92-BA80-4F6B-9888-482A2ADC463D}.Debug|Any CPU.ActiveCfg = Debug|Any CPU
		{4C98EF92-BA80-4F6B-9888-482A2ADC463D}.Debug|Any CPU.Build.0 = Debug|Any CPU
		{4C98EF92-BA80-4F6B-9888-482A2ADC463D}.Debug|ARM.ActiveCfg = Debug|Any CPU
		{4C98EF92-BA80-4F6B-9888-482A2ADC463D}.Debug|ARM.Build.0 = Debug|Any CPU
		{4C98EF92-BA80-4F6B-9888-482A2ADC463D}.Debug|ARM64.ActiveCfg = Debug|Any CPU
		{4C98EF92-BA80-4F6B-9888-482A2ADC463D}.Debug|ARM64.Build.0 = Debug|Any CPU
		{4C98EF92-BA80-4F6B-9888-482A2ADC463D}.Debug|iPhone.ActiveCfg = Debug|Any CPU
		{4C98EF92-BA80-4F6B-9888-482A2ADC463D}.Debug|iPhone.Build.0 = Debug|Any CPU
		{4C98EF92-BA80-4F6B-9888-482A2ADC463D}.Debug|iPhoneSimulator.ActiveCfg = Debug|Any CPU
		{4C98EF92-BA80-4F6B-9888-482A2ADC463D}.Debug|iPhoneSimulator.Build.0 = Debug|Any CPU
		{4C98EF92-BA80-4F6B-9888-482A2ADC463D}.Debug|x64.ActiveCfg = Debug|Any CPU
		{4C98EF92-BA80-4F6B-9888-482A2ADC463D}.Debug|x64.Build.0 = Debug|Any CPU
		{4C98EF92-BA80-4F6B-9888-482A2ADC463D}.Debug|x86.ActiveCfg = Debug|Any CPU
		{4C98EF92-BA80-4F6B-9888-482A2ADC463D}.Debug|x86.Build.0 = Debug|Any CPU
		{4C98EF92-BA80-4F6B-9888-482A2ADC463D}.Release|Any CPU.ActiveCfg = Release|Any CPU
		{4C98EF92-BA80-4F6B-9888-482A2ADC463D}.Release|Any CPU.Build.0 = Release|Any CPU
		{4C98EF92-BA80-4F6B-9888-482A2ADC463D}.Release|ARM.ActiveCfg = Release|Any CPU
		{4C98EF92-BA80-4F6B-9888-482A2ADC463D}.Release|ARM.Build.0 = Release|Any CPU
		{4C98EF92-BA80-4F6B-9888-482A2ADC463D}.Release|ARM64.ActiveCfg = Release|Any CPU
		{4C98EF92-BA80-4F6B-9888-482A2ADC463D}.Release|ARM64.Build.0 = Release|Any CPU
		{4C98EF92-BA80-4F6B-9888-482A2ADC463D}.Release|iPhone.ActiveCfg = Release|Any CPU
		{4C98EF92-BA80-4F6B-9888-482A2ADC463D}.Release|iPhone.Build.0 = Release|Any CPU
		{4C98EF92-BA80-4F6B-9888-482A2ADC463D}.Release|iPhoneSimulator.ActiveCfg = Release|Any CPU
		{4C98EF92-BA80-4F6B-9888-482A2ADC463D}.Release|iPhoneSimulator.Build.0 = Release|Any CPU
		{4C98EF92-BA80-4F6B-9888-482A2ADC463D}.Release|x64.ActiveCfg = Release|Any CPU
		{4C98EF92-BA80-4F6B-9888-482A2ADC463D}.Release|x64.Build.0 = Release|Any CPU
		{4C98EF92-BA80-4F6B-9888-482A2ADC463D}.Release|x86.ActiveCfg = Release|Any CPU
		{4C98EF92-BA80-4F6B-9888-482A2ADC463D}.Release|x86.Build.0 = Release|Any CPU
		{7D34DC64-5392-4B5C-91CB-FC4D72FAB9B7}.Ad-Hoc|Any CPU.ActiveCfg = Debug|Any CPU
		{7D34DC64-5392-4B5C-91CB-FC4D72FAB9B7}.Ad-Hoc|Any CPU.Build.0 = Debug|Any CPU
		{7D34DC64-5392-4B5C-91CB-FC4D72FAB9B7}.Ad-Hoc|ARM.ActiveCfg = Debug|Any CPU
		{7D34DC64-5392-4B5C-91CB-FC4D72FAB9B7}.Ad-Hoc|ARM.Build.0 = Debug|Any CPU
		{7D34DC64-5392-4B5C-91CB-FC4D72FAB9B7}.Ad-Hoc|ARM64.ActiveCfg = Debug|Any CPU
		{7D34DC64-5392-4B5C-91CB-FC4D72FAB9B7}.Ad-Hoc|ARM64.Build.0 = Debug|Any CPU
		{7D34DC64-5392-4B5C-91CB-FC4D72FAB9B7}.Ad-Hoc|iPhone.ActiveCfg = Debug|Any CPU
		{7D34DC64-5392-4B5C-91CB-FC4D72FAB9B7}.Ad-Hoc|iPhone.Build.0 = Debug|Any CPU
		{7D34DC64-5392-4B5C-91CB-FC4D72FAB9B7}.Ad-Hoc|iPhoneSimulator.ActiveCfg = Debug|Any CPU
		{7D34DC64-5392-4B5C-91CB-FC4D72FAB9B7}.Ad-Hoc|iPhoneSimulator.Build.0 = Debug|Any CPU
		{7D34DC64-5392-4B5C-91CB-FC4D72FAB9B7}.Ad-Hoc|x64.ActiveCfg = Debug|Any CPU
		{7D34DC64-5392-4B5C-91CB-FC4D72FAB9B7}.Ad-Hoc|x64.Build.0 = Debug|Any CPU
		{7D34DC64-5392-4B5C-91CB-FC4D72FAB9B7}.Ad-Hoc|x86.ActiveCfg = Debug|Any CPU
		{7D34DC64-5392-4B5C-91CB-FC4D72FAB9B7}.Ad-Hoc|x86.Build.0 = Debug|Any CPU
		{7D34DC64-5392-4B5C-91CB-FC4D72FAB9B7}.AppStore|Any CPU.ActiveCfg = Debug|Any CPU
		{7D34DC64-5392-4B5C-91CB-FC4D72FAB9B7}.AppStore|Any CPU.Build.0 = Debug|Any CPU
		{7D34DC64-5392-4B5C-91CB-FC4D72FAB9B7}.AppStore|ARM.ActiveCfg = Debug|Any CPU
		{7D34DC64-5392-4B5C-91CB-FC4D72FAB9B7}.AppStore|ARM.Build.0 = Debug|Any CPU
		{7D34DC64-5392-4B5C-91CB-FC4D72FAB9B7}.AppStore|ARM64.ActiveCfg = Debug|Any CPU
		{7D34DC64-5392-4B5C-91CB-FC4D72FAB9B7}.AppStore|ARM64.Build.0 = Debug|Any CPU
		{7D34DC64-5392-4B5C-91CB-FC4D72FAB9B7}.AppStore|iPhone.ActiveCfg = Debug|Any CPU
		{7D34DC64-5392-4B5C-91CB-FC4D72FAB9B7}.AppStore|iPhone.Build.0 = Debug|Any CPU
		{7D34DC64-5392-4B5C-91CB-FC4D72FAB9B7}.AppStore|iPhoneSimulator.ActiveCfg = Debug|Any CPU
		{7D34DC64-5392-4B5C-91CB-FC4D72FAB9B7}.AppStore|iPhoneSimulator.Build.0 = Debug|Any CPU
		{7D34DC64-5392-4B5C-91CB-FC4D72FAB9B7}.AppStore|x64.ActiveCfg = Debug|Any CPU
		{7D34DC64-5392-4B5C-91CB-FC4D72FAB9B7}.AppStore|x64.Build.0 = Debug|Any CPU
		{7D34DC64-5392-4B5C-91CB-FC4D72FAB9B7}.AppStore|x86.ActiveCfg = Debug|Any CPU
		{7D34DC64-5392-4B5C-91CB-FC4D72FAB9B7}.AppStore|x86.Build.0 = Debug|Any CPU
		{7D34DC64-5392-4B5C-91CB-FC4D72FAB9B7}.Debug|Any CPU.ActiveCfg = Debug|Any CPU
		{7D34DC64-5392-4B5C-91CB-FC4D72FAB9B7}.Debug|Any CPU.Build.0 = Debug|Any CPU
		{7D34DC64-5392-4B5C-91CB-FC4D72FAB9B7}.Debug|ARM.ActiveCfg = Debug|Any CPU
		{7D34DC64-5392-4B5C-91CB-FC4D72FAB9B7}.Debug|ARM.Build.0 = Debug|Any CPU
		{7D34DC64-5392-4B5C-91CB-FC4D72FAB9B7}.Debug|ARM64.ActiveCfg = Debug|Any CPU
		{7D34DC64-5392-4B5C-91CB-FC4D72FAB9B7}.Debug|ARM64.Build.0 = Debug|Any CPU
		{7D34DC64-5392-4B5C-91CB-FC4D72FAB9B7}.Debug|iPhone.ActiveCfg = Debug|Any CPU
		{7D34DC64-5392-4B5C-91CB-FC4D72FAB9B7}.Debug|iPhone.Build.0 = Debug|Any CPU
		{7D34DC64-5392-4B5C-91CB-FC4D72FAB9B7}.Debug|iPhoneSimulator.ActiveCfg = Debug|Any CPU
		{7D34DC64-5392-4B5C-91CB-FC4D72FAB9B7}.Debug|iPhoneSimulator.Build.0 = Debug|Any CPU
		{7D34DC64-5392-4B5C-91CB-FC4D72FAB9B7}.Debug|x64.ActiveCfg = Debug|Any CPU
		{7D34DC64-5392-4B5C-91CB-FC4D72FAB9B7}.Debug|x64.Build.0 = Debug|Any CPU
		{7D34DC64-5392-4B5C-91CB-FC4D72FAB9B7}.Debug|x86.ActiveCfg = Debug|Any CPU
		{7D34DC64-5392-4B5C-91CB-FC4D72FAB9B7}.Debug|x86.Build.0 = Debug|Any CPU
		{7D34DC64-5392-4B5C-91CB-FC4D72FAB9B7}.Release|Any CPU.ActiveCfg = Release|Any CPU
		{7D34DC64-5392-4B5C-91CB-FC4D72FAB9B7}.Release|Any CPU.Build.0 = Release|Any CPU
		{7D34DC64-5392-4B5C-91CB-FC4D72FAB9B7}.Release|ARM.ActiveCfg = Release|Any CPU
		{7D34DC64-5392-4B5C-91CB-FC4D72FAB9B7}.Release|ARM.Build.0 = Release|Any CPU
		{7D34DC64-5392-4B5C-91CB-FC4D72FAB9B7}.Release|ARM64.ActiveCfg = Release|Any CPU
		{7D34DC64-5392-4B5C-91CB-FC4D72FAB9B7}.Release|ARM64.Build.0 = Release|Any CPU
		{7D34DC64-5392-4B5C-91CB-FC4D72FAB9B7}.Release|iPhone.ActiveCfg = Release|Any CPU
		{7D34DC64-5392-4B5C-91CB-FC4D72FAB9B7}.Release|iPhone.Build.0 = Release|Any CPU
		{7D34DC64-5392-4B5C-91CB-FC4D72FAB9B7}.Release|iPhoneSimulator.ActiveCfg = Release|Any CPU
		{7D34DC64-5392-4B5C-91CB-FC4D72FAB9B7}.Release|iPhoneSimulator.Build.0 = Release|Any CPU
		{7D34DC64-5392-4B5C-91CB-FC4D72FAB9B7}.Release|x64.ActiveCfg = Release|Any CPU
		{7D34DC64-5392-4B5C-91CB-FC4D72FAB9B7}.Release|x64.Build.0 = Release|Any CPU
		{7D34DC64-5392-4B5C-91CB-FC4D72FAB9B7}.Release|x86.ActiveCfg = Release|Any CPU
		{7D34DC64-5392-4B5C-91CB-FC4D72FAB9B7}.Release|x86.Build.0 = Release|Any CPU
		{82BBC3CB-DDC9-4212-89FC-D79BAC1B4E91}.Ad-Hoc|Any CPU.ActiveCfg = Debug|Any CPU
		{82BBC3CB-DDC9-4212-89FC-D79BAC1B4E91}.Ad-Hoc|Any CPU.Build.0 = Debug|Any CPU
		{82BBC3CB-DDC9-4212-89FC-D79BAC1B4E91}.Ad-Hoc|ARM.ActiveCfg = Debug|Any CPU
		{82BBC3CB-DDC9-4212-89FC-D79BAC1B4E91}.Ad-Hoc|ARM.Build.0 = Debug|Any CPU
		{82BBC3CB-DDC9-4212-89FC-D79BAC1B4E91}.Ad-Hoc|ARM64.ActiveCfg = Debug|Any CPU
		{82BBC3CB-DDC9-4212-89FC-D79BAC1B4E91}.Ad-Hoc|ARM64.Build.0 = Debug|Any CPU
		{82BBC3CB-DDC9-4212-89FC-D79BAC1B4E91}.Ad-Hoc|iPhone.ActiveCfg = Debug|Any CPU
		{82BBC3CB-DDC9-4212-89FC-D79BAC1B4E91}.Ad-Hoc|iPhone.Build.0 = Debug|Any CPU
		{82BBC3CB-DDC9-4212-89FC-D79BAC1B4E91}.Ad-Hoc|iPhoneSimulator.ActiveCfg = Debug|Any CPU
		{82BBC3CB-DDC9-4212-89FC-D79BAC1B4E91}.Ad-Hoc|iPhoneSimulator.Build.0 = Debug|Any CPU
		{82BBC3CB-DDC9-4212-89FC-D79BAC1B4E91}.Ad-Hoc|x64.ActiveCfg = Debug|Any CPU
		{82BBC3CB-DDC9-4212-89FC-D79BAC1B4E91}.Ad-Hoc|x64.Build.0 = Debug|Any CPU
		{82BBC3CB-DDC9-4212-89FC-D79BAC1B4E91}.Ad-Hoc|x86.ActiveCfg = Debug|Any CPU
		{82BBC3CB-DDC9-4212-89FC-D79BAC1B4E91}.Ad-Hoc|x86.Build.0 = Debug|Any CPU
		{82BBC3CB-DDC9-4212-89FC-D79BAC1B4E91}.AppStore|Any CPU.ActiveCfg = Debug|Any CPU
		{82BBC3CB-DDC9-4212-89FC-D79BAC1B4E91}.AppStore|Any CPU.Build.0 = Debug|Any CPU
		{82BBC3CB-DDC9-4212-89FC-D79BAC1B4E91}.AppStore|ARM.ActiveCfg = Debug|Any CPU
		{82BBC3CB-DDC9-4212-89FC-D79BAC1B4E91}.AppStore|ARM.Build.0 = Debug|Any CPU
		{82BBC3CB-DDC9-4212-89FC-D79BAC1B4E91}.AppStore|ARM64.ActiveCfg = Debug|Any CPU
		{82BBC3CB-DDC9-4212-89FC-D79BAC1B4E91}.AppStore|ARM64.Build.0 = Debug|Any CPU
		{82BBC3CB-DDC9-4212-89FC-D79BAC1B4E91}.AppStore|iPhone.ActiveCfg = Debug|Any CPU
		{82BBC3CB-DDC9-4212-89FC-D79BAC1B4E91}.AppStore|iPhone.Build.0 = Debug|Any CPU
		{82BBC3CB-DDC9-4212-89FC-D79BAC1B4E91}.AppStore|iPhoneSimulator.ActiveCfg = Debug|Any CPU
		{82BBC3CB-DDC9-4212-89FC-D79BAC1B4E91}.AppStore|iPhoneSimulator.Build.0 = Debug|Any CPU
		{82BBC3CB-DDC9-4212-89FC-D79BAC1B4E91}.AppStore|x64.ActiveCfg = Debug|Any CPU
		{82BBC3CB-DDC9-4212-89FC-D79BAC1B4E91}.AppStore|x64.Build.0 = Debug|Any CPU
		{82BBC3CB-DDC9-4212-89FC-D79BAC1B4E91}.AppStore|x86.ActiveCfg = Debug|Any CPU
		{82BBC3CB-DDC9-4212-89FC-D79BAC1B4E91}.AppStore|x86.Build.0 = Debug|Any CPU
		{82BBC3CB-DDC9-4212-89FC-D79BAC1B4E91}.Debug|Any CPU.ActiveCfg = Debug|Any CPU
		{82BBC3CB-DDC9-4212-89FC-D79BAC1B4E91}.Debug|Any CPU.Build.0 = Debug|Any CPU
		{82BBC3CB-DDC9-4212-89FC-D79BAC1B4E91}.Debug|ARM.ActiveCfg = Debug|Any CPU
		{82BBC3CB-DDC9-4212-89FC-D79BAC1B4E91}.Debug|ARM.Build.0 = Debug|Any CPU
		{82BBC3CB-DDC9-4212-89FC-D79BAC1B4E91}.Debug|ARM64.ActiveCfg = Debug|Any CPU
		{82BBC3CB-DDC9-4212-89FC-D79BAC1B4E91}.Debug|ARM64.Build.0 = Debug|Any CPU
		{82BBC3CB-DDC9-4212-89FC-D79BAC1B4E91}.Debug|iPhone.ActiveCfg = Debug|Any CPU
		{82BBC3CB-DDC9-4212-89FC-D79BAC1B4E91}.Debug|iPhone.Build.0 = Debug|Any CPU
		{82BBC3CB-DDC9-4212-89FC-D79BAC1B4E91}.Debug|iPhoneSimulator.ActiveCfg = Debug|Any CPU
		{82BBC3CB-DDC9-4212-89FC-D79BAC1B4E91}.Debug|iPhoneSimulator.Build.0 = Debug|Any CPU
		{82BBC3CB-DDC9-4212-89FC-D79BAC1B4E91}.Debug|x64.ActiveCfg = Debug|Any CPU
		{82BBC3CB-DDC9-4212-89FC-D79BAC1B4E91}.Debug|x64.Build.0 = Debug|Any CPU
		{82BBC3CB-DDC9-4212-89FC-D79BAC1B4E91}.Debug|x86.ActiveCfg = Debug|Any CPU
		{82BBC3CB-DDC9-4212-89FC-D79BAC1B4E91}.Debug|x86.Build.0 = Debug|Any CPU
		{82BBC3CB-DDC9-4212-89FC-D79BAC1B4E91}.Release|Any CPU.ActiveCfg = Release|Any CPU
		{82BBC3CB-DDC9-4212-89FC-D79BAC1B4E91}.Release|Any CPU.Build.0 = Release|Any CPU
		{82BBC3CB-DDC9-4212-89FC-D79BAC1B4E91}.Release|ARM.ActiveCfg = Release|Any CPU
		{82BBC3CB-DDC9-4212-89FC-D79BAC1B4E91}.Release|ARM.Build.0 = Release|Any CPU
		{82BBC3CB-DDC9-4212-89FC-D79BAC1B4E91}.Release|ARM64.ActiveCfg = Release|Any CPU
		{82BBC3CB-DDC9-4212-89FC-D79BAC1B4E91}.Release|ARM64.Build.0 = Release|Any CPU
		{82BBC3CB-DDC9-4212-89FC-D79BAC1B4E91}.Release|iPhone.ActiveCfg = Release|Any CPU
		{82BBC3CB-DDC9-4212-89FC-D79BAC1B4E91}.Release|iPhone.Build.0 = Release|Any CPU
		{82BBC3CB-DDC9-4212-89FC-D79BAC1B4E91}.Release|iPhoneSimulator.ActiveCfg = Release|Any CPU
		{82BBC3CB-DDC9-4212-89FC-D79BAC1B4E91}.Release|iPhoneSimulator.Build.0 = Release|Any CPU
		{82BBC3CB-DDC9-4212-89FC-D79BAC1B4E91}.Release|x64.ActiveCfg = Release|Any CPU
		{82BBC3CB-DDC9-4212-89FC-D79BAC1B4E91}.Release|x64.Build.0 = Release|Any CPU
		{82BBC3CB-DDC9-4212-89FC-D79BAC1B4E91}.Release|x86.ActiveCfg = Release|Any CPU
		{82BBC3CB-DDC9-4212-89FC-D79BAC1B4E91}.Release|x86.Build.0 = Release|Any CPU
	EndGlobalSection
	GlobalSection(SolutionProperties) = preSolution
		HideSolutionNode = FALSE
	EndGlobalSection
	GlobalSection(NestedProjects) = preSolution
		{55BD8FBD-BBFA-456A-8097-B7336ABAB06D} = {B0FA3645-3884-42E6-A5C1-EB176704FD73}
		{3EAA9E20-9FF1-436C-B911-BF0D1623B0E3} = {B0FA3645-3884-42E6-A5C1-EB176704FD73}
		{F6B7BC1A-CDF2-429A-BEA9-45E2F0B453CE} = {B0FA3645-3884-42E6-A5C1-EB176704FD73}
		{A7FE3F28-09AD-406E-8894-71236880D812} = {B0FA3645-3884-42E6-A5C1-EB176704FD73}
		{3A177813-21EB-4DD6-9BBF-1BFE7B587BC8} = {B0FA3645-3884-42E6-A5C1-EB176704FD73}
		{D3DD9FC2-1DA3-4B80-AEF9-AF045B418B91} = {B0FA3645-3884-42E6-A5C1-EB176704FD73}
		{4C98EF92-BA80-4F6B-9888-482A2ADC463D} = {B0FA3645-3884-42E6-A5C1-EB176704FD73}
		{7D34DC64-5392-4B5C-91CB-FC4D72FAB9B7} = {B0FA3645-3884-42E6-A5C1-EB176704FD73}
		{82BBC3CB-DDC9-4212-89FC-D79BAC1B4E91} = {B0FA3645-3884-42E6-A5C1-EB176704FD73}
	EndGlobalSection
	GlobalSection(ExtensibilityGlobals) = postSolution
		SolutionGuid = {9B8595FC-9A21-4F6B-B7B1-FE3EE79AC91C}
	EndGlobalSection
EndGlobal
